
Microsoft Visual Studio Solution File, Format Version 12.00
# Visual Studio Version 17
VisualStudioVersion = 17.8.34330.188
MinimumVisualStudioVersion = 10.0.40219.1
Project("{9A19103F-16F7-4668-BE54-9A1E7A4F7556}") = "NoMercy.Server", "src\NoMercy.Server\NoMercy.Server.csproj", "{47124CDA-F9CD-484A-A44A-0D8FB7D4DAD8}"
EndProject
Project("{FAE04EC0-301F-11D3-BF4B-00C04F79EFBC}") = "NoMercy.Providers", "src\NoMercy.Providers\NoMercy.Providers.csproj", "{1AF4521B-CA63-4CE0-B882-EAD8C021FC3E}"
EndProject
Project("{FAE04EC0-301F-11D3-BF4B-00C04F79EFBC}") = "NoMercy.Database", "src\NoMercy.Database\NoMercy.Database.csproj", "{B4E58865-BC40-4C6E-9B31-249662221211}"
EndProject
Project("{FAE04EC0-301F-11D3-BF4B-00C04F79EFBC}") = "NoMercy.Helpers", "src\NoMercy.Helpers\NoMercy.Helpers.csproj", "{3C3F952E-B375-42CF-94B1-2AC2EA34501C}"
EndProject
Project("{FAE04EC0-301F-11D3-BF4B-00C04F79EFBC}") = "NoMercy.Encoder", "src\NoMercy.Encoder\NoMercy.Encoder.csproj", "{73C96170-BE7A-4F15-93F1-EAF532BE5C1F}"
EndProject
Project("{FAE04EC0-301F-11D3-BF4B-00C04F79EFBC}") = "NoMercy.Networking", "src\NoMercy.Networking\NoMercy.Networking.csproj", "{5394535C-4BD6-4619-8F45-96A53EB21AD6}"
EndProject
Project("{FAE04EC0-301F-11D3-BF4B-00C04F79EFBC}") = "NoMercy.NmSystem", "src\NoMercy.NmSystem\NoMercy.NmSystem.csproj", "{91DD4216-FC9A-4837-8AB9-ADE8C07E0D73}"
EndProject
Project("{FAE04EC0-301F-11D3-BF4B-00C04F79EFBC}") = "NoMercy.Api", "src\NoMercy.Api\NoMercy.Api.csproj", "{7B9653D1-5064-460F-8B7A-9CD3204E99AA}"
EndProject
Project("{FAE04EC0-301F-11D3-BF4B-00C04F79EFBC}") = "NoMercy.Data", "src\NoMercy.Data\NoMercy.Data.csproj", "{3637E9CA-1928-4169-B30F-1110C704B89B}"
EndProject
Project("{FAE04EC0-301F-11D3-BF4B-00C04F79EFBC}") = "NoMercy.MediaProcessing", "src\NoMercy.MediaProcessing\NoMercy.MediaProcessing.csproj", "{B6124942-5D33-4050-AEE0-45EAE7507469}"
EndProject
Project("{FAE04EC0-301F-11D3-BF4B-00C04F79EFBC}") = "NoMercy.Queue", "src\NoMercy.Queue\NoMercy.Queue.csproj", "{41D4358A-80AF-4D38-90C0-22E1BA00E9F0}"
EndProject
Project("{2150E333-8FDC-42A3-9474-1A3956D46DE8}") = "Src", "Src", "{1A749650-7DB2-4431-93FB-EF950256BC5B}"
EndProject
Project("{2150E333-8FDC-42A3-9474-1A3956D46DE8}") = "Tests", "Tests", "{B47BA810-1BCE-4546-B287-A9CE965B1F87}"
EndProject
Project("{FAE04EC0-301F-11D3-BF4B-00C04F79EFBC}") = "NoMercy.Tests.MediaProcessing", "tests\NoMercy.Tests.MediaProcessing\NoMercy.Tests.MediaProcessing.csproj", "{E826EC83-E802-4AC2-B645-8B7691309A16}"
EndProject
Project("{FAE04EC0-301F-11D3-BF4B-00C04F79EFBC}") = "NoMercy.Tests.Database", "tests\NoMercy.Tests.Database\NoMercy.Tests.Database.csproj", "{FCEEA404-41C1-4190-82C7-3C765FB9268E}"
EndProject
Project("{FAE04EC0-301F-11D3-BF4B-00C04F79EFBC}") = "NoMercy.MediaSources", "src\NoMercy.MediaSources\NoMercy.MediaSources.csproj", "{3E288163-4374-4B86-8BB3-74453ED3F7D7}"
EndProject
Project("{FAE04EC0-301F-11D3-BF4B-00C04F79EFBC}") = "NoMercy.Updater", "src\NoMercy.Updater\NoMercy.Updater.csproj", "{C6918DFB-387B-433B-8868-7D54577293AE}"
EndProject
Global
	GlobalSection(SolutionConfigurationPlatforms) = preSolution
		Debug|Any CPU = Debug|Any CPU
		Release|Any CPU = Release|Any CPU
	EndGlobalSection
	GlobalSection(ProjectConfigurationPlatforms) = postSolution
		{47124CDA-F9CD-484A-A44A-0D8FB7D4DAD8}.Debug|Any CPU.ActiveCfg = Debug|Any CPU
		{47124CDA-F9CD-484A-A44A-0D8FB7D4DAD8}.Debug|Any CPU.Build.0 = Debug|Any CPU
		{47124CDA-F9CD-484A-A44A-0D8FB7D4DAD8}.Release|Any CPU.ActiveCfg = Release|Any CPU
		{47124CDA-F9CD-484A-A44A-0D8FB7D4DAD8}.Release|Any CPU.Build.0 = Release|Any CPU
		{1AF4521B-CA63-4CE0-B882-EAD8C021FC3E}.Debug|Any CPU.ActiveCfg = Debug|Any CPU
		{1AF4521B-CA63-4CE0-B882-EAD8C021FC3E}.Debug|Any CPU.Build.0 = Debug|Any CPU
		{1AF4521B-CA63-4CE0-B882-EAD8C021FC3E}.Release|Any CPU.ActiveCfg = Release|Any CPU
		{1AF4521B-CA63-4CE0-B882-EAD8C021FC3E}.Release|Any CPU.Build.0 = Release|Any CPU
		{B4E58865-BC40-4C6E-9B31-249662221211}.Debug|Any CPU.ActiveCfg = Debug|Any CPU
		{B4E58865-BC40-4C6E-9B31-249662221211}.Debug|Any CPU.Build.0 = Debug|Any CPU
		{B4E58865-BC40-4C6E-9B31-249662221211}.Release|Any CPU.ActiveCfg = Release|Any CPU
		{B4E58865-BC40-4C6E-9B31-249662221211}.Release|Any CPU.Build.0 = Release|Any CPU
		{3C3F952E-B375-42CF-94B1-2AC2EA34501C}.Debug|Any CPU.ActiveCfg = Debug|Any CPU
		{3C3F952E-B375-42CF-94B1-2AC2EA34501C}.Debug|Any CPU.Build.0 = Debug|Any CPU
		{3C3F952E-B375-42CF-94B1-2AC2EA34501C}.Release|Any CPU.ActiveCfg = Release|Any CPU
		{3C3F952E-B375-42CF-94B1-2AC2EA34501C}.Release|Any CPU.Build.0 = Release|Any CPU
		{73C96170-BE7A-4F15-93F1-EAF532BE5C1F}.Debug|Any CPU.ActiveCfg = Debug|Any CPU
		{73C96170-BE7A-4F15-93F1-EAF532BE5C1F}.Debug|Any CPU.Build.0 = Debug|Any CPU
		{73C96170-BE7A-4F15-93F1-EAF532BE5C1F}.Release|Any CPU.ActiveCfg = Release|Any CPU
		{73C96170-BE7A-4F15-93F1-EAF532BE5C1F}.Release|Any CPU.Build.0 = Release|Any CPU
		{5394535C-4BD6-4619-8F45-96A53EB21AD6}.Debug|Any CPU.ActiveCfg = Debug|Any CPU
		{5394535C-4BD6-4619-8F45-96A53EB21AD6}.Debug|Any CPU.Build.0 = Debug|Any CPU
		{5394535C-4BD6-4619-8F45-96A53EB21AD6}.Release|Any CPU.ActiveCfg = Release|Any CPU
		{5394535C-4BD6-4619-8F45-96A53EB21AD6}.Release|Any CPU.Build.0 = Release|Any CPU
		{91DD4216-FC9A-4837-8AB9-ADE8C07E0D73}.Debug|Any CPU.ActiveCfg = Debug|Any CPU
		{91DD4216-FC9A-4837-8AB9-ADE8C07E0D73}.Debug|Any CPU.Build.0 = Debug|Any CPU
		{91DD4216-FC9A-4837-8AB9-ADE8C07E0D73}.Release|Any CPU.ActiveCfg = Release|Any CPU
		{91DD4216-FC9A-4837-8AB9-ADE8C07E0D73}.Release|Any CPU.Build.0 = Release|Any CPU
		{7B9653D1-5064-460F-8B7A-9CD3204E99AA}.Debug|Any CPU.ActiveCfg = Debug|Any CPU
		{7B9653D1-5064-460F-8B7A-9CD3204E99AA}.Debug|Any CPU.Build.0 = Debug|Any CPU
		{7B9653D1-5064-460F-8B7A-9CD3204E99AA}.Release|Any CPU.ActiveCfg = Release|Any CPU
		{7B9653D1-5064-460F-8B7A-9CD3204E99AA}.Release|Any CPU.Build.0 = Release|Any CPU
		{3637E9CA-1928-4169-B30F-1110C704B89B}.Debug|Any CPU.ActiveCfg = Debug|Any CPU
		{3637E9CA-1928-4169-B30F-1110C704B89B}.Debug|Any CPU.Build.0 = Debug|Any CPU
		{3637E9CA-1928-4169-B30F-1110C704B89B}.Release|Any CPU.ActiveCfg = Release|Any CPU
		{3637E9CA-1928-4169-B30F-1110C704B89B}.Release|Any CPU.Build.0 = Release|Any CPU
		{B6124942-5D33-4050-AEE0-45EAE7507469}.Debug|Any CPU.ActiveCfg = Debug|Any CPU
		{B6124942-5D33-4050-AEE0-45EAE7507469}.Debug|Any CPU.Build.0 = Debug|Any CPU
		{B6124942-5D33-4050-AEE0-45EAE7507469}.Release|Any CPU.ActiveCfg = Release|Any CPU
		{B6124942-5D33-4050-AEE0-45EAE7507469}.Release|Any CPU.Build.0 = Release|Any CPU
		{41D4358A-80AF-4D38-90C0-22E1BA00E9F0}.Debug|Any CPU.ActiveCfg = Debug|Any CPU
		{41D4358A-80AF-4D38-90C0-22E1BA00E9F0}.Debug|Any CPU.Build.0 = Debug|Any CPU
		{41D4358A-80AF-4D38-90C0-22E1BA00E9F0}.Release|Any CPU.ActiveCfg = Release|Any CPU
		{41D4358A-80AF-4D38-90C0-22E1BA00E9F0}.Release|Any CPU.Build.0 = Release|Any CPU
		{E826EC83-E802-4AC2-B645-8B7691309A16}.Debug|Any CPU.ActiveCfg = Debug|Any CPU
		{E826EC83-E802-4AC2-B645-8B7691309A16}.Debug|Any CPU.Build.0 = Debug|Any CPU
		{E826EC83-E802-4AC2-B645-8B7691309A16}.Release|Any CPU.ActiveCfg = Release|Any CPU
		{E826EC83-E802-4AC2-B645-8B7691309A16}.Release|Any CPU.Build.0 = Release|Any CPU
		{FCEEA404-41C1-4190-82C7-3C765FB9268E}.Debug|Any CPU.ActiveCfg = Debug|Any CPU
		{FCEEA404-41C1-4190-82C7-3C765FB9268E}.Debug|Any CPU.Build.0 = Debug|Any CPU
		{FCEEA404-41C1-4190-82C7-3C765FB9268E}.Release|Any CPU.ActiveCfg = Release|Any CPU
		{FCEEA404-41C1-4190-82C7-3C765FB9268E}.Release|Any CPU.Build.0 = Release|Any CPU
		{3E288163-4374-4B86-8BB3-74453ED3F7D7}.Debug|Any CPU.ActiveCfg = Debug|Any CPU
		{3E288163-4374-4B86-8BB3-74453ED3F7D7}.Debug|Any CPU.Build.0 = Debug|Any CPU
		{3E288163-4374-4B86-8BB3-74453ED3F7D7}.Release|Any CPU.ActiveCfg = Release|Any CPU
		{3E288163-4374-4B86-8BB3-74453ED3F7D7}.Release|Any CPU.Build.0 = Release|Any CPU
		{C6918DFB-387B-433B-8868-7D54577293AE}.Debug|Any CPU.ActiveCfg = Debug|Any CPU
		{C6918DFB-387B-433B-8868-7D54577293AE}.Debug|Any CPU.Build.0 = Debug|Any CPU
		{C6918DFB-387B-433B-8868-7D54577293AE}.Release|Any CPU.ActiveCfg = Release|Any CPU
		{C6918DFB-387B-433B-8868-7D54577293AE}.Release|Any CPU.Build.0 = Release|Any CPU
	EndGlobalSection
	GlobalSection(SolutionProperties) = preSolution
		HideSolutionNode = FALSE
	EndGlobalSection
	GlobalSection(ExtensibilityGlobals) = postSolution
		SolutionGuid = {22D7A0A2-2627-4892-8844-22A1F8DFF0C3}
	EndGlobalSection
	GlobalSection(NestedProjects) = preSolution
		{7B9653D1-5064-460F-8B7A-9CD3204E99AA} = {1A749650-7DB2-4431-93FB-EF950256BC5B}
		{3637E9CA-1928-4169-B30F-1110C704B89B} = {1A749650-7DB2-4431-93FB-EF950256BC5B}
		{B4E58865-BC40-4C6E-9B31-249662221211} = {1A749650-7DB2-4431-93FB-EF950256BC5B}
		{73C96170-BE7A-4F15-93F1-EAF532BE5C1F} = {1A749650-7DB2-4431-93FB-EF950256BC5B}
		{3C3F952E-B375-42CF-94B1-2AC2EA34501C} = {1A749650-7DB2-4431-93FB-EF950256BC5B}
		{B6124942-5D33-4050-AEE0-45EAE7507469} = {1A749650-7DB2-4431-93FB-EF950256BC5B}
		{5394535C-4BD6-4619-8F45-96A53EB21AD6} = {1A749650-7DB2-4431-93FB-EF950256BC5B}
		{91DD4216-FC9A-4837-8AB9-ADE8C07E0D73} = {1A749650-7DB2-4431-93FB-EF950256BC5B}
		{1AF4521B-CA63-4CE0-B882-EAD8C021FC3E} = {1A749650-7DB2-4431-93FB-EF950256BC5B}
		{41D4358A-80AF-4D38-90C0-22E1BA00E9F0} = {1A749650-7DB2-4431-93FB-EF950256BC5B}
		{47124CDA-F9CD-484A-A44A-0D8FB7D4DAD8} = {1A749650-7DB2-4431-93FB-EF950256BC5B}
		{E826EC83-E802-4AC2-B645-8B7691309A16} = {B47BA810-1BCE-4546-B287-A9CE965B1F87}
		{FCEEA404-41C1-4190-82C7-3C765FB9268E} = {B47BA810-1BCE-4546-B287-A9CE965B1F87}
		{3E288163-4374-4B86-8BB3-74453ED3F7D7} = {1A749650-7DB2-4431-93FB-EF950256BC5B}
		{C6918DFB-387B-433B-8868-7D54577293AE} = {1A749650-7DB2-4431-93FB-EF950256BC5B}
	EndGlobalSection
EndGlobal
