
Microsoft Visual Studio Solution File, Format Version 12.00
# Visual Studio Version 17
VisualStudioVersion = 17.8.34330.188
MinimumVisualStudioVersion = 10.0.40219.1
Project("{9A19103F-16F7-4668-BE54-9A1E7A4F7556}") = "NoMercy.Server", "NoMercy.Server.csproj", "{47124CDA-F9CD-484A-A44A-0D8FB7D4DAD8}"
EndProject
Global
	GlobalSection(SolutionConfigurationPlatforms) = preSolution
		Debug|Any CPU = Debug|Any CPU
		Release|Any CPU = Release|Any CPU
	EndGlobalSection
	GlobalSection(ProjectConfigurationPlatforms) = postSolution
		{47124CDA-F9CD-484A-A44A-0D8FB7D4DAD8}.Debug|Any CPU.ActiveCfg = Debug|Any CPU
		{47124CDA-F9CD-484A-A44A-0D8FB7D4DAD8}.Debug|Any CPU.Build.0 = Debug|Any CPU
		{47124CDA-F9CD-484A-A44A-0D8FB7D4DAD8}.Release|Any CPU.ActiveCfg = Release|Any CPU
		{47124CDA-F9CD-484A-A44A-0D8FB7D4DAD8}.Release|Any CPU.Build.0 = Release|Any CPU
		{5B601FA2-D9FC-4382-B20B-3ABECA29D9E6}.Debug|Any CPU.ActiveCfg = Debug|Any CPU
		{5B601FA2-D9FC-4382-B20B-3ABECA29D9E6}.Debug|Any CPU.Build.0 = Debug|Any CPU
		{5B601FA2-D9FC-4382-B20B-3ABECA29D9E6}.Debug|Any CPU.Deploy.0 = Debug|Any CPU
		{5B601FA2-D9FC-4382-B20B-3ABECA29D9E6}.Release|Any CPU.ActiveCfg = Release|Any CPU
		{5B601FA2-D9FC-4382-B20B-3ABECA29D9E6}.Release|Any CPU.Build.0 = Release|Any CPU
		{5B601FA2-D9FC-4382-B20B-3ABECA29D9E6}.Release|Any CPU.Deploy.0 = Release|Any CPU
	EndGlobalSection
	GlobalSection(SolutionProperties) = preSolution
		HideSolutionNode = FALSE
	EndGlobalSection
	GlobalSection(ExtensibilityGlobals) = postSolution
		SolutionGuid = {22D7A0A2-2627-4892-8844-22A1F8DFF0C3}
	EndGlobalSection
EndGlobal
